
Microsoft Visual Studio Solution File, Format Version 12.00
# Visual Studio Version 17
VisualStudioVersion = 17.1.32421.90
MinimumVisualStudioVersion = 10.0.40219.1
Project("{9A19103F-16F7-4668-BE54-9A1E7A4F7556}") = "ConsoleAppNETCore5-MongoDB", "ConsoleAppNETCore5-MongoDB.csproj", "{237B6106-B5A7-48A6-A604-702EEB5A0C49}"
EndProject
Project("{FAE04EC0-301F-11D3-BF4B-00C04F79EFBC}") = "ConsoleAppNETCore6-MongoDB", "..\ConsoleAppNETCore6-MongoDB\ConsoleAppNETCore6-MongoDB.csproj", "{D96DC4AF-AA53-41E1-82CD-EB42AD45B9B9}"
EndProject
Global
	GlobalSection(SolutionConfigurationPlatforms) = preSolution
		Debug|Any CPU = Debug|Any CPU
		Release|Any CPU = Release|Any CPU
	EndGlobalSection
	GlobalSection(ProjectConfigurationPlatforms) = postSolution
		{237B6106-B5A7-48A6-A604-702EEB5A0C49}.Debug|Any CPU.ActiveCfg = Debug|Any CPU
		{237B6106-B5A7-48A6-A604-702EEB5A0C49}.Debug|Any CPU.Build.0 = Debug|Any CPU
		{237B6106-B5A7-48A6-A604-702EEB5A0C49}.Release|Any CPU.ActiveCfg = Release|Any CPU
		{237B6106-B5A7-48A6-A604-702EEB5A0C49}.Release|Any CPU.Build.0 = Release|Any CPU
		{D96DC4AF-AA53-41E1-82CD-EB42AD45B9B9}.Debug|Any CPU.ActiveCfg = Debug|Any CPU
		{D96DC4AF-AA53-41E1-82CD-EB42AD45B9B9}.Debug|Any CPU.Build.0 = Debug|Any CPU
		{D96DC4AF-AA53-41E1-82CD-EB42AD45B9B9}.Release|Any CPU.ActiveCfg = Release|Any CPU
		{D96DC4AF-AA53-41E1-82CD-EB42AD45B9B9}.Release|Any CPU.Build.0 = Release|Any CPU
	EndGlobalSection
	GlobalSection(SolutionProperties) = preSolution
		HideSolutionNode = FALSE
	EndGlobalSection
	GlobalSection(ExtensibilityGlobals) = postSolution
		SolutionGuid = {275B76D9-5AA8-4AEF-AD97-CDBAB5577D62}
	EndGlobalSection
EndGlobal
